<?xml version="1.0" encoding="utf-8"?>
<Project ToolsVersion="4.0" xmlns="http://schemas.microsoft.com/developer/msbuild/2003">
  <ItemGroup>
    <Filter Include="Source Files">
      <UniqueIdentifier>{4FC737F1-C7A5-4376-A066-2A32D752A2FF}</UniqueIdentifier>
      <Extensions>cpp;c;cc;cxx;c++;cppm;ixx;def;odl;idl;hpj;bat;asm;asmx</Extensions>
    </Filter>
    <Filter Include="Header Files">
      <UniqueIdentifier>{93995380-89BD-4b04-88EB-625FBE52EBFB}</UniqueIdentifier>
      <Extensions>h;hh;hpp;hxx;h++;hm;inl;inc;ipp;xsd</Extensions>
    </Filter>
    <Filter Include="Resource Files">
      <UniqueIdentifier>{67DA6AB6-F800-4c08-8B7A-83BB121AAD01}</UniqueIdentifier>
      <Extensions>rc;ico;cur;bmp;dlg;rc2;rct;bin;rgs;gif;jpg;jpeg;jpe;resx;tiff;tif;png;wav;mfcribbon-ms</Extensions>
    </Filter>
    <Filter Include="Resource Files\ch16_e06">
      <UniqueIdentifier>{d47d23cc-46fa-485a-a42b-56f130129884}</UniqueIdentifier>
    </Filter>
    <Filter Include="Source Files\ch17">
      <UniqueIdentifier>{8167be83-43d9-4af6-9095-afb72e1f9b4f}</UniqueIdentifier>
    </Filter>
    <Filter Include="Source Files\ch18">
      <UniqueIdentifier>{a7e51d0a-d0c3-4fa1-aa52-eb3b14f89ac2}</UniqueIdentifier>
    </Filter>
    <Filter Include="Source Files\ch19">
      <UniqueIdentifier>{1e7e0432-25f6-454e-bdd0-82495317098d}</UniqueIdentifier>
    </Filter>
    <Filter Include="Source Files\ch20">
      <UniqueIdentifier>{5daa71f3-1ae2-48e7-a3cb-6425b2db3084}</UniqueIdentifier>
    </Filter>
  </ItemGroup>
  <ItemGroup>
    <ClCompile Include="main.cpp">
      <Filter>Source Files</Filter>
    </ClCompile>
    <ClCompile Include="ch17\ch17_drill.cpp">
      <Filter>Source Files\ch17</Filter>
    </ClCompile>
    <ClCompile Include="ch17\ch17_sample.cpp">
      <Filter>Source Files\ch17</Filter>
    </ClCompile>
    <ClCompile Include="ch17\ch17_excercise.cpp">
      <Filter>Source Files\ch17</Filter>
    </ClCompile>
    <ClCompile Include="ch18\ch18_sample.cpp">
      <Filter>Source Files\ch18</Filter>
    </ClCompile>
    <ClCompile Include="ch18\ch18_drill.cpp">
      <Filter>Source Files\ch18</Filter>
    </ClCompile>
    <ClCompile Include="ch18\ch18_excercise.cpp">
      <Filter>Source Files\ch18</Filter>
    </ClCompile>
    <ClCompile Include="ch19\ch19_sample.cpp">
      <Filter>Source Files\ch19</Filter>
    </ClCompile>
    <ClCompile Include="ch19\ch19_drill.cpp">
      <Filter>Source Files\ch19</Filter>
    </ClCompile>
    <ClCompile Include="ch19\ch19_excercise.cpp">
      <Filter>Source Files\ch19</Filter>
    </ClCompile>
    <ClCompile Include="ch20\ch20_drill.cpp">
      <Filter>Source Files\ch20</Filter>
    </ClCompile>
    <ClCompile Include="ch20\ch20_excercise.cpp">
      <Filter>Source Files\ch20</Filter>
    </ClCompile>
    <ClCompile Include="ch20\ch20_sample.cpp">
      <Filter>Source Files\ch20</Filter>
    </ClCompile>
  </ItemGroup>
  <ItemGroup>
    <ClInclude Include="main.h">
      <Filter>Header Files</Filter>
    </ClInclude>
    <ClInclude Include="ch17\ch17.h">
      <Filter>Header Files</Filter>
    </ClInclude>
    <ClInclude Include="ch18\ch18.h">
      <Filter>Header Files</Filter>
    </ClInclude>
    <ClInclude Include="ch19\ch19.h">
      <Filter>Header Files</Filter>
    </ClInclude>
    <ClInclude Include="ch20\ch20.h">
      <Filter>Header Files</Filter>
    </ClInclude>
  </ItemGroup>
  <ItemGroup>
    <Media Include="_other\ColdGrits_ItsYourThing.wav">
      <Filter>Resource Files</Filter>
    </Media>
  </ItemGroup>
  <ItemGroup>
    <Image Include="_other\dog_9.gif">
      <Filter>Resource Files</Filter>
    </Image>
    <Image Include="_other\kuvaton-kuka_jatti_ikkunan_auki2.jpg">
      <Filter>Resource Files</Filter>
    </Image>
    <Image Include="_other\Animation\plane.gif">
      <Filter>Resource Files\ch16_e06</Filter>
    </Image>
  </ItemGroup>
  <ItemGroup>
    <Text Include="_other\wzrost.txt">
      <Filter>Resource Files</Filter>
    </Text>
    <Text Include="_other\stock_exchange.txt">
      <Filter>Resource Files</Filter>
    </Text>
  </ItemGroup>
</Project>