<?xml version="1.0" encoding="utf-8"?>
<Project ToolsVersion="4.0" xmlns="http://schemas.microsoft.com/developer/msbuild/2003">
  <ItemGroup>
    <Filter Include="Source Files">
      <UniqueIdentifier>{4FC737F1-C7A5-4376-A066-2A32D752A2FF}</UniqueIdentifier>
      <Extensions>cpp;c;cc;cxx;c++;cppm;ixx;def;odl;idl;hpj;bat;asm;asmx</Extensions>
    </Filter>
    <Filter Include="Header Files">
      <UniqueIdentifier>{93995380-89BD-4b04-88EB-625FBE52EBFB}</UniqueIdentifier>
      <Extensions>h;hh;hpp;hxx;h++;hm;inl;inc;ipp;xsd</Extensions>
    </Filter>
    <Filter Include="Resource Files">
      <UniqueIdentifier>{67DA6AB6-F800-4c08-8B7A-83BB121AAD01}</UniqueIdentifier>
      <Extensions>rc;ico;cur;bmp;dlg;rc2;rct;bin;rgs;gif;jpg;jpeg;jpe;resx;tiff;tif;png;wav;mfcribbon-ms</Extensions>
    </Filter>
    <Filter Include="Header Files\_add_libs">
      <UniqueIdentifier>{3d596bf9-35e2-444f-99a3-561631dba76a}</UniqueIdentifier>
    </Filter>
    <Filter Include="Source Files\_add_libs">
      <UniqueIdentifier>{936a096f-ce0c-4fef-bcc4-11a1e57a2d9c}</UniqueIdentifier>
    </Filter>
    <Filter Include="Source Files\ch12">
      <UniqueIdentifier>{b7962742-e968-4156-8442-6d4bf1627688}</UniqueIdentifier>
    </Filter>
    <Filter Include="Source Files\ch13">
      <UniqueIdentifier>{14d8d5c2-f383-4c4e-9b00-b2c0b065dddc}</UniqueIdentifier>
    </Filter>
    <Filter Include="Source Files\ch14">
      <UniqueIdentifier>{d209ff28-f734-47dc-92a4-46be8ab3050e}</UniqueIdentifier>
    </Filter>
    <Filter Include="Source Files\ch15">
      <UniqueIdentifier>{f098caab-c506-4f2d-a410-3b774fcd848b}</UniqueIdentifier>
    </Filter>
    <Filter Include="Header Files\ch15">
      <UniqueIdentifier>{deb9d854-6d33-47de-9bdd-b865ec3042ad}</UniqueIdentifier>
    </Filter>
    <Filter Include="Source Files\ch16">
      <UniqueIdentifier>{cfd5e493-1ec5-46ee-a281-674d61ae7dd8}</UniqueIdentifier>
    </Filter>
    <Filter Include="Resource Files\ch16_e06">
      <UniqueIdentifier>{d47d23cc-46fa-485a-a42b-56f130129884}</UniqueIdentifier>
    </Filter>
    <Filter Include="Source Files\ch17">
      <UniqueIdentifier>{8167be83-43d9-4af6-9095-afb72e1f9b4f}</UniqueIdentifier>
    </Filter>
    <Filter Include="Source Files\ch18">
      <UniqueIdentifier>{a7e51d0a-d0c3-4fa1-aa52-eb3b14f89ac2}</UniqueIdentifier>
    </Filter>
    <Filter Include="Source Files\ch19">
      <UniqueIdentifier>{1e7e0432-25f6-454e-bdd0-82495317098d}</UniqueIdentifier>
    </Filter>
  </ItemGroup>
  <ItemGroup>
    <ClCompile Include="_Appendix_D_test\test.cpp">
      <Filter>Source Files</Filter>
    </ClCompile>
    <ClCompile Include="main.cpp">
      <Filter>Source Files</Filter>
    </ClCompile>
    <ClCompile Include="_add_libs\PPP2Code\Graph.cpp">
      <Filter>Source Files\_add_libs</Filter>
    </ClCompile>
    <ClCompile Include="_add_libs\PPP2Code\Window.cpp">
      <Filter>Source Files\_add_libs</Filter>
    </ClCompile>
    <ClCompile Include="_add_libs\PPP2Code\Gui.cpp">
      <Filter>Source Files\_add_libs</Filter>
    </ClCompile>
    <ClCompile Include="ch12\example_12.cpp">
      <Filter>Source Files\ch12</Filter>
    </ClCompile>
    <ClCompile Include="ch12\drill_12.cpp">
      <Filter>Source Files\ch12</Filter>
    </ClCompile>
    <ClCompile Include="ch12\excercise_12.cpp">
      <Filter>Source Files\ch12</Filter>
    </ClCompile>
    <ClCompile Include="ch13\excercise_13.cpp">
      <Filter>Source Files\ch13</Filter>
    </ClCompile>
    <ClCompile Include="ch13\drill_13.cpp">
      <Filter>Source Files\ch13</Filter>
    </ClCompile>
    <ClCompile Include="ch13\example_13.cpp">
      <Filter>Source Files\ch13</Filter>
    </ClCompile>
    <ClCompile Include="ch14\drill_14.cpp">
      <Filter>Source Files\ch14</Filter>
    </ClCompile>
    <ClCompile Include="ch14\excercise_14.cpp">
      <Filter>Source Files\ch14</Filter>
    </ClCompile>
    <ClCompile Include="ch14\sample_14.cpp">
      <Filter>Source Files\ch14</Filter>
    </ClCompile>
    <ClCompile Include="ch15\drill_15.cpp">
      <Filter>Source Files\ch15</Filter>
    </ClCompile>
    <ClCompile Include="ch15\excercise_15.cpp">
      <Filter>Source Files\ch15</Filter>
    </ClCompile>
    <ClCompile Include="ch15\sample_15.cpp">
      <Filter>Source Files\ch15</Filter>
    </ClCompile>
    <ClCompile Include="ch15\ch15_e05.cpp">
      <Filter>Source Files\ch15</Filter>
    </ClCompile>
    <ClCompile Include="ch16\ch16_sample.cpp">
      <Filter>Source Files\ch16</Filter>
    </ClCompile>
    <ClCompile Include="ch16\ch16_drill.cpp">
      <Filter>Source Files\ch16</Filter>
    </ClCompile>
    <ClCompile Include="ch16\ch16_excercise.cpp">
      <Filter>Source Files\ch16</Filter>
    </ClCompile>
    <ClCompile Include="ch17\ch17_drill.cpp">
      <Filter>Source Files\ch17</Filter>
    </ClCompile>
    <ClCompile Include="ch17\ch17_sample.cpp">
      <Filter>Source Files\ch17</Filter>
    </ClCompile>
    <ClCompile Include="ch17\ch17_excercise.cpp">
      <Filter>Source Files\ch17</Filter>
    </ClCompile>
    <ClCompile Include="ch18\ch18_sample.cpp">
      <Filter>Source Files\ch18</Filter>
    </ClCompile>
    <ClCompile Include="ch18\ch18_drill.cpp">
      <Filter>Source Files\ch18</Filter>
    </ClCompile>
    <ClCompile Include="ch18\ch18_excercise.cpp">
      <Filter>Source Files\ch18</Filter>
    </ClCompile>
    <ClCompile Include="ch19\ch19_sample.cpp">
      <Filter>Source Files\ch19</Filter>
    </ClCompile>
    <ClCompile Include="ch19\ch19_drill.cpp">
      <Filter>Source Files\ch19</Filter>
    </ClCompile>
    <ClCompile Include="ch19\ch19_excercise.cpp">
      <Filter>Source Files\ch19</Filter>
    </ClCompile>
    <ClCompile Include="scratch_book.cpp">
      <Filter>Source Files</Filter>
    </ClCompile>
  </ItemGroup>
  <ItemGroup>
    <ClInclude Include="main.h">
      <Filter>Header Files</Filter>
    </ClInclude>
    <ClInclude Include="_Appendix_D_test\test.h">
      <Filter>Header Files</Filter>
    </ClInclude>
    <ClInclude Include="ch12\ch12.h">
      <Filter>Header Files</Filter>
    </ClInclude>
    <ClInclude Include="_add_libs\PPP2Code\Graph.h">
      <Filter>Header Files\_add_libs</Filter>
    </ClInclude>
    <ClInclude Include="_add_libs\PPP2Code\Window.h">
      <Filter>Header Files\_add_libs</Filter>
    </ClInclude>
    <ClInclude Include="_add_libs\PPP2Code\Gui.h">
      <Filter>Header Files\_add_libs</Filter>
    </ClInclude>
    <ClInclude Include="_add_libs\PPP2Code\Simple_window.h">
      <Filter>Header Files\_add_libs</Filter>
    </ClInclude>
    <ClInclude Include="_add_libs\PPP2Code\Point.h">
      <Filter>Header Files\_add_libs</Filter>
    </ClInclude>
    <ClInclude Include="_add_libs\PPP2Code\fltk.h">
      <Filter>Header Files\_add_libs</Filter>
    </ClInclude>
    <ClInclude Include="ch13\ch13.h">
      <Filter>Header Files</Filter>
    </ClInclude>
    <ClInclude Include="ch14\ch14.h">
      <Filter>Header Files</Filter>
    </ClInclude>
    <ClInclude Include="ch15\ch15_drill.h">
      <Filter>Header Files\ch15</Filter>
    </ClInclude>
    <ClInclude Include="ch15\ch15_sample.h">
      <Filter>Header Files\ch15</Filter>
    </ClInclude>
    <ClInclude Include="ch15\ch15_excercise.h">
      <Filter>Header Files\ch15</Filter>
    </ClInclude>
    <ClInclude Include="ch15\ch15.h">
      <Filter>Header Files\ch15</Filter>
    </ClInclude>
    <ClInclude Include="ch16\ch16.h">
      <Filter>Header Files</Filter>
    </ClInclude>
    <ClInclude Include="ch17\ch17.h">
      <Filter>Header Files</Filter>
    </ClInclude>
    <ClInclude Include="ch18\ch18.h">
      <Filter>Header Files</Filter>
    </ClInclude>
    <ClInclude Include="ch19\ch19.h">
      <Filter>Header Files</Filter>
    </ClInclude>
    <ClInclude Include="scratch_book.h">
      <Filter>Header Files</Filter>
    </ClInclude>
  </ItemGroup>
  <ItemGroup>
    <Media Include="_other\ColdGrits_ItsYourThing.wav">
      <Filter>Resource Files</Filter>
    </Media>
  </ItemGroup>
  <ItemGroup>
    <Image Include="_other\dog_9.gif">
      <Filter>Resource Files</Filter>
    </Image>
    <Image Include="_other\kuvaton-kuka_jatti_ikkunan_auki2.jpg">
      <Filter>Resource Files</Filter>
    </Image>
    <Image Include="_other\Animation\plane.gif">
      <Filter>Resource Files\ch16_e06</Filter>
    </Image>
  </ItemGroup>
  <ItemGroup>
    <Text Include="_other\wzrost.txt">
      <Filter>Resource Files</Filter>
    </Text>
    <Text Include="_other\stock_exchange.txt">
      <Filter>Resource Files</Filter>
    </Text>
  </ItemGroup>
</Project>